
Microsoft Visual Studio Solution File, Format Version 12.00
# Visual Studio 15
VisualStudioVersion = 15.0.27703.2026
MinimumVisualStudioVersion = 10.0.40219.1
Project("{FAE04EC0-301F-11D3-BF4B-00C04F79EFBC}") = "ModelProject", "ModelProject\ModelProject.csproj", "{49A30BF2-B5E8-48D7-B35E-CE846485584C}"
EndProject
Project("{FAE04EC0-301F-11D3-BF4B-00C04F79EFBC}") = "ViewProject", "ViewProject\ViewProject.csproj", "{CE9BAFC1-A19C-4F6C-ACE4-8F702939D81B}"
EndProject
Project("{FAE04EC0-301F-11D3-BF4B-00C04F79EFBC}") = "PersistenceProject", "PersistenceProject\PersistenceProject.csproj", "{0A3D5BB3-1AE9-4647-9A33-D2E16125E598}"
EndProject
Project("{FAE04EC0-301F-11D3-BF4B-00C04F79EFBC}") = "ControllerProject", "ControllerProject\ControllerProject.csproj", "{4967CF15-0241-4C8D-A122-ADD26904BCEE}"
EndProject
Global
	GlobalSection(SolutionConfigurationPlatforms) = preSolution
		Debug|Any CPU = Debug|Any CPU
		Release|Any CPU = Release|Any CPU
	EndGlobalSection
	GlobalSection(ProjectConfigurationPlatforms) = postSolution
		{49A30BF2-B5E8-48D7-B35E-CE846485584C}.Debug|Any CPU.ActiveCfg = Debug|Any CPU
		{49A30BF2-B5E8-48D7-B35E-CE846485584C}.Debug|Any CPU.Build.0 = Debug|Any CPU
		{49A30BF2-B5E8-48D7-B35E-CE846485584C}.Release|Any CPU.ActiveCfg = Release|Any CPU
		{49A30BF2-B5E8-48D7-B35E-CE846485584C}.Release|Any CPU.Build.0 = Release|Any CPU
		{CE9BAFC1-A19C-4F6C-ACE4-8F702939D81B}.Debug|Any CPU.ActiveCfg = Debug|Any CPU
		{CE9BAFC1-A19C-4F6C-ACE4-8F702939D81B}.Debug|Any CPU.Build.0 = Debug|Any CPU
		{CE9BAFC1-A19C-4F6C-ACE4-8F702939D81B}.Release|Any CPU.ActiveCfg = Release|Any CPU
		{CE9BAFC1-A19C-4F6C-ACE4-8F702939D81B}.Release|Any CPU.Build.0 = Release|Any CPU
		{0A3D5BB3-1AE9-4647-9A33-D2E16125E598}.Debug|Any CPU.ActiveCfg = Debug|Any CPU
		{0A3D5BB3-1AE9-4647-9A33-D2E16125E598}.Debug|Any CPU.Build.0 = Debug|Any CPU
		{0A3D5BB3-1AE9-4647-9A33-D2E16125E598}.Release|Any CPU.ActiveCfg = Release|Any CPU
		{0A3D5BB3-1AE9-4647-9A33-D2E16125E598}.Release|Any CPU.Build.0 = Release|Any CPU
		{4967CF15-0241-4C8D-A122-ADD26904BCEE}.Debug|Any CPU.ActiveCfg = Debug|Any CPU
		{4967CF15-0241-4C8D-A122-ADD26904BCEE}.Debug|Any CPU.Build.0 = Debug|Any CPU
		{4967CF15-0241-4C8D-A122-ADD26904BCEE}.Release|Any CPU.ActiveCfg = Release|Any CPU
		{4967CF15-0241-4C8D-A122-ADD26904BCEE}.Release|Any CPU.Build.0 = Release|Any CPU
	EndGlobalSection
	GlobalSection(SolutionProperties) = preSolution
		HideSolutionNode = FALSE
	EndGlobalSection
	GlobalSection(ExtensibilityGlobals) = postSolution
		SolutionGuid = {E8C91B8E-AAF3-473B-9EC8-3BAC3B8FDB76}
	EndGlobalSection
EndGlobal
